
Microsoft Visual Studio Solution File, Format Version 12.00
# Visual Studio 15
VisualStudioVersion = 15.0.27130.2010
MinimumVisualStudioVersion = 10.0.40219.1
Project("{FAE04EC0-301F-11D3-BF4B-00C04F79EFBC}") = "Portfolio", "Portfolio\Portfolio.csproj", "{86128C36-4152-4F11-86D3-22AC158CBDBF}"
EndProject
Global
	GlobalSection(SolutionConfigurationPlatforms) = preSolution
		Debug|Any CPU = Debug|Any CPU
		Release|Any CPU = Release|Any CPU
	EndGlobalSection
	GlobalSection(ProjectConfigurationPlatforms) = postSolution
		{86128C36-4152-4F11-86D3-22AC158CBDBF}.Debug|Any CPU.ActiveCfg = Debug|Any CPU
		{86128C36-4152-4F11-86D3-22AC158CBDBF}.Debug|Any CPU.Build.0 = Debug|Any CPU
		{86128C36-4152-4F11-86D3-22AC158CBDBF}.Release|Any CPU.ActiveCfg = Release|Any CPU
		{86128C36-4152-4F11-86D3-22AC158CBDBF}.Release|Any CPU.Build.0 = Release|Any CPU
	EndGlobalSection
	GlobalSection(SolutionProperties) = preSolution
		HideSolutionNode = FALSE
	EndGlobalSection
	GlobalSection(ExtensibilityGlobals) = postSolution
		SolutionGuid = {4DF11059-D520-469D-90E9-3DA4B662F523}
	EndGlobalSection
EndGlobal
